
Microsoft Visual Studio Solution File, Format Version 12.00
# Visual Studio 15
VisualStudioVersion = 15.0.28307.572
MinimumVisualStudioVersion = 10.0.40219.1
Project("{FAE04EC0-301F-11D3-BF4B-00C04F79EFBC}") = "DemoMediaR", "DemoMediaR\DemoMediaR.csproj", "{73ADB346-6AC9-4057-9F0F-47C6A1D6E7B3}"
EndProject
Global
	GlobalSection(SolutionConfigurationPlatforms) = preSolution
		Debug|Any CPU = Debug|Any CPU
		Release|Any CPU = Release|Any CPU
	EndGlobalSection
	GlobalSection(ProjectConfigurationPlatforms) = postSolution
		{73ADB346-6AC9-4057-9F0F-47C6A1D6E7B3}.Debug|Any CPU.ActiveCfg = Debug|Any CPU
		{73ADB346-6AC9-4057-9F0F-47C6A1D6E7B3}.Debug|Any CPU.Build.0 = Debug|Any CPU
		{73ADB346-6AC9-4057-9F0F-47C6A1D6E7B3}.Release|Any CPU.ActiveCfg = Release|Any CPU
		{73ADB346-6AC9-4057-9F0F-47C6A1D6E7B3}.Release|Any CPU.Build.0 = Release|Any CPU
	EndGlobalSection
	GlobalSection(SolutionProperties) = preSolution
		HideSolutionNode = FALSE
	EndGlobalSection
	GlobalSection(ExtensibilityGlobals) = postSolution
		SolutionGuid = {B9647A77-A875-446E-95DB-CCDF16847663}
	EndGlobalSection
EndGlobal
